// !$*UTF8*$!
{
	archiveVersion = 1;
	classes = {
	};
	objectVersion = 46;
	objects = {

/* Begin PBXBuildFile section */
		CC498E691F53AF1D0092B48E /* main.m in Sources */ = {isa = PBXBuildFile; fileRef = CC498E681F53AF1D0092B48E /* main.m */; };
		CC498E6C1F53AF1D0092B48E /* AppDelegate.m in Sources */ = {isa = PBXBuildFile; fileRef = CC498E6B1F53AF1D0092B48E /* AppDelegate.m */; };
		CC498E6F1F53AF1D0092B48E /* ViewController.m in Sources */ = {isa = PBXBuildFile; fileRef = CC498E6E1F53AF1D0092B48E /* ViewController.m */; };
		CC498E721F53AF1D0092B48E /* Main.storyboard in Resources */ = {isa = PBXBuildFile; fileRef = CC498E701F53AF1D0092B48E /* Main.storyboard */; };
		CC498E741F53AF1D0092B48E /* Assets.xcassets in Resources */ = {isa = PBXBuildFile; fileRef = CC498E731F53AF1D0092B48E /* Assets.xcassets */; };
		CC498E771F53AF1D0092B48E /* LaunchScreen.storyboard in Resources */ = {isa = PBXBuildFile; fileRef = CC498E751F53AF1D0092B48E /* LaunchScreen.storyboard */; };
		CC498E811F53AFD40092B48E /* MenuCell.m in Sources */ = {isa = PBXBuildFile; fileRef = CC498E7F1F53AFD40092B48E /* MenuCell.m */; };
		CC498E821F53AFD40092B48E /* MenuCell.xib in Resources */ = {isa = PBXBuildFile; fileRef = CC498E801F53AFD40092B48E /* MenuCell.xib */; };
		CC498EAC1F53B1910092B48E /* FAKFontAwesome.m in Sources */ = {isa = PBXBuildFile; fileRef = CC498EA81F53B1910092B48E /* FAKFontAwesome.m */; };
		CC498EAD1F53B1910092B48E /* FAKIcon.m in Sources */ = {isa = PBXBuildFile; fileRef = CC498EAA1F53B1910092B48E /* FAKIcon.m */; };
		CC498EAE1F53B1910092B48E /* FontAwesome.otf in Resources */ = {isa = PBXBuildFile; fileRef = CC498EAB1F53B1910092B48E /* FontAwesome.otf */; };
		CC498EB21F53B1B80092B48E /* KLCPopup.m in Sources */ = {isa = PBXBuildFile; fileRef = CC498EB11F53B1B80092B48E /* KLCPopup.m */; };
		CC498EB61F53B2320092B48E /* KRLCollectionViewGridLayout.m in Sources */ = {isa = PBXBuildFile; fileRef = CC498EB51F53B2320092B48E /* KRLCollectionViewGridLayout.m */; };
		CC498EB91F53B2770092B48E /* OptionView.m in Sources */ = {isa = PBXBuildFile; fileRef = CC498EB81F53B2770092B48E /* OptionView.m */; };
		CC498EBD1F53B2950092B48E /* OptionView.xib in Resources */ = {isa = PBXBuildFile; fileRef = CC498EBC1F53B2950092B48E /* OptionView.xib */; };
		CC498EC01F53B4570092B48E /* MenuItem.m in Sources */ = {isa = PBXBuildFile; fileRef = CC498EBF1F53B4570092B48E /* MenuItem.m */; };
		CC498EC41F53BDFD0092B48E /* icon.png in Resources */ = {isa = PBXBuildFile; fileRef = CC498EC31F53BDFD0092B48E /* icon.png */; };
		CC498EC61F53C78B0092B48E /* photo.png in Resources */ = {isa = PBXBuildFile; fileRef = CC498EC51F53C78B0092B48E /* photo.png */; };
		CC498EC81F53D2FE0092B48E /* share.png in Resources */ = {isa = PBXBuildFile; fileRef = CC498EC71F53D2FE0092B48E /* share.png */; };
		CC498ECA1F53D82F0092B48E /* beer.png in Resources */ = {isa = PBXBuildFile; fileRef = CC498EC91F53D82E0092B48E /* beer.png */; };
/* End PBXBuildFile section */

/* Begin PBXFileReference section */
		CC498E641F53AF1D0092B48E /* HiSDK.app */ = {isa = PBXFileReference; explicitFileType = wrapper.application; includeInIndex = 0; path = HiSDK.app; sourceTree = BUILT_PRODUCTS_DIR; };
		CC498E681F53AF1D0092B48E /* main.m */ = {isa = PBXFileReference; lastKnownFileType = sourcecode.c.objc; path = main.m; sourceTree = "<group>"; };
		CC498E6A1F53AF1D0092B48E /* AppDelegate.h */ = {isa = PBXFileReference; lastKnownFileType = sourcecode.c.h; path = AppDelegate.h; sourceTree = "<group>"; };
		CC498E6B1F53AF1D0092B48E /* AppDelegate.m */ = {isa = PBXFileReference; lastKnownFileType = sourcecode.c.objc; path = AppDelegate.m; sourceTree = "<group>"; };
		CC498E6D1F53AF1D0092B48E /* ViewController.h */ = {isa = PBXFileReference; lastKnownFileType = sourcecode.c.h; path = ViewController.h; sourceTree = "<group>"; };
		CC498E6E1F53AF1D0092B48E /* ViewController.m */ = {isa = PBXFileReference; lastKnownFileType = sourcecode.c.objc; path = ViewController.m; sourceTree = "<group>"; };
		CC498E711F53AF1D0092B48E /* Base */ = {isa = PBXFileReference; lastKnownFileType = file.storyboard; name = Base; path = Base.lproj/Main.storyboard; sourceTree = "<group>"; };
		CC498E731F53AF1D0092B48E /* Assets.xcassets */ = {isa = PBXFileReference; lastKnownFileType = folder.assetcatalog; path = Assets.xcassets; sourceTree = "<group>"; };
		CC498E761F53AF1D0092B48E /* Base */ = {isa = PBXFileReference; lastKnownFileType = file.storyboard; name = Base; path = Base.lproj/LaunchScreen.storyboard; sourceTree = "<group>"; };
		CC498E781F53AF1D0092B48E /* Info.plist */ = {isa = PBXFileReference; lastKnownFileType = text.plist.xml; path = Info.plist; sourceTree = "<group>"; };
		CC498E7E1F53AFD40092B48E /* MenuCell.h */ = {isa = PBXFileReference; fileEncoding = 4; lastKnownFileType = sourcecode.c.h; path = MenuCell.h; sourceTree = "<group>"; };
		CC498E7F1F53AFD40092B48E /* MenuCell.m */ = {isa = PBXFileReference; fileEncoding = 4; lastKnownFileType = sourcecode.c.objc; path = MenuCell.m; sourceTree = "<group>"; };
		CC498E801F53AFD40092B48E /* MenuCell.xib */ = {isa = PBXFileReference; fileEncoding = 4; lastKnownFileType = file.xib; path = MenuCell.xib; sourceTree = "<group>"; };
		CC498EA71F53B1910092B48E /* FAKFontAwesome.h */ = {isa = PBXFileReference; fileEncoding = 4; lastKnownFileType = sourcecode.c.h; path = FAKFontAwesome.h; sourceTree = "<group>"; };
		CC498EA81F53B1910092B48E /* FAKFontAwesome.m */ = {isa = PBXFileReference; fileEncoding = 4; lastKnownFileType = sourcecode.c.objc; path = FAKFontAwesome.m; sourceTree = "<group>"; };
		CC498EA91F53B1910092B48E /* FAKIcon.h */ = {isa = PBXFileReference; fileEncoding = 4; lastKnownFileType = sourcecode.c.h; path = FAKIcon.h; sourceTree = "<group>"; };
		CC498EAA1F53B1910092B48E /* FAKIcon.m */ = {isa = PBXFileReference; fileEncoding = 4; lastKnownFileType = sourcecode.c.objc; path = FAKIcon.m; sourceTree = "<group>"; };
		CC498EAB1F53B1910092B48E /* FontAwesome.otf */ = {isa = PBXFileReference; lastKnownFileType = file; path = FontAwesome.otf; sourceTree = "<group>"; };
		CC498EB01F53B1B80092B48E /* KLCPopup.h */ = {isa = PBXFileReference; fileEncoding = 4; lastKnownFileType = sourcecode.c.h; path = KLCPopup.h; sourceTree = "<group>"; };
		CC498EB11F53B1B80092B48E /* KLCPopup.m */ = {isa = PBXFileReference; fileEncoding = 4; lastKnownFileType = sourcecode.c.objc; path = KLCPopup.m; sourceTree = "<group>"; };
		CC498EB41F53B2320092B48E /* KRLCollectionViewGridLayout.h */ = {isa = PBXFileReference; fileEncoding = 4; lastKnownFileType = sourcecode.c.h; path = KRLCollectionViewGridLayout.h; sourceTree = "<group>"; };
		CC498EB51F53B2320092B48E /* KRLCollectionViewGridLayout.m */ = {isa = PBXFileReference; fileEncoding = 4; lastKnownFileType = sourcecode.c.objc; path = KRLCollectionViewGridLayout.m; sourceTree = "<group>"; };
		CC498EB71F53B2770092B48E /* OptionView.h */ = {isa = PBXFileReference; fileEncoding = 4; lastKnownFileType = sourcecode.c.h; path = OptionView.h; sourceTree = "<group>"; };
		CC498EB81F53B2770092B48E /* OptionView.m */ = {isa = PBXFileReference; fileEncoding = 4; lastKnownFileType = sourcecode.c.objc; path = OptionView.m; sourceTree = "<group>"; };
		CC498EBC1F53B2950092B48E /* OptionView.xib */ = {isa = PBXFileReference; fileEncoding = 4; lastKnownFileType = file.xib; path = OptionView.xib; sourceTree = "<group>"; };
		CC498EBE1F53B4570092B48E /* MenuItem.h */ = {isa = PBXFileReference; fileEncoding = 4; lastKnownFileType = sourcecode.c.h; path = MenuItem.h; sourceTree = "<group>"; };
		CC498EBF1F53B4570092B48E /* MenuItem.m */ = {isa = PBXFileReference; fileEncoding = 4; lastKnownFileType = sourcecode.c.objc; path = MenuItem.m; sourceTree = "<group>"; };
		CC498EC31F53BDFD0092B48E /* icon.png */ = {isa = PBXFileReference; lastKnownFileType = image.png; path = icon.png; sourceTree = "<group>"; };
		CC498EC51F53C78B0092B48E /* photo.png */ = {isa = PBXFileReference; lastKnownFileType = image.png; path = photo.png; sourceTree = "<group>"; };
		CC498EC71F53D2FE0092B48E /* share.png */ = {isa = PBXFileReference; lastKnownFileType = image.png; path = share.png; sourceTree = "<group>"; };
		CC498EC91F53D82E0092B48E /* beer.png */ = {isa = PBXFileReference; lastKnownFileType = image.png; path = beer.png; sourceTree = "<group>"; };
/* End PBXFileReference section */

/* Begin PBXFrameworksBuildPhase section */
		CC498E611F53AF1D0092B48E /* Frameworks */ = {
			isa = PBXFrameworksBuildPhase;
			buildActionMask = 2147483647;
			files = (
			);
			runOnlyForDeploymentPostprocessing = 0;
		};
/* End PBXFrameworksBuildPhase section */

/* Begin PBXGroup section */
		CC498E5B1F53AF1D0092B48E = {
			isa = PBXGroup;
			children = (
				CC498E661F53AF1D0092B48E /* HiSDK */,
				CC498E651F53AF1D0092B48E /* Products */,
			);
			sourceTree = "<group>";
		};
		CC498E651F53AF1D0092B48E /* Products */ = {
			isa = PBXGroup;
			children = (
				CC498E641F53AF1D0092B48E /* HiSDK.app */,
			);
			name = Products;
			sourceTree = "<group>";
		};
		CC498E661F53AF1D0092B48E /* HiSDK */ = {
			isa = PBXGroup;
			children = (
				CC498EB31F53B2230092B48E /* KRLLayout */,
				CC498EAF1F53B1950092B48E /* KLCPopup */,
				CC498EA61F53B1860092B48E /* Font */,
				CCC560D31F56B83600EB9DA6 /* Resources */,
				CCC560D21F56B82900EB9DA6 /* Views */,
				CCC560D11F56B82000EB9DA6 /* Cells */,
				CCC560CF1F56B80200EB9DA6 /* Models */,
				CC498E6A1F53AF1D0092B48E /* AppDelegate.h */,
				CC498E6B1F53AF1D0092B48E /* AppDelegate.m */,
				CC498E6E1F53AF1D0092B48E /* ViewController.m */,
				CC498E6D1F53AF1D0092B48E /* ViewController.h */,
				CC498E701F53AF1D0092B48E /* Main.storyboard */,
				CC498E731F53AF1D0092B48E /* Assets.xcassets */,
				CC498E751F53AF1D0092B48E /* LaunchScreen.storyboard */,
				CC498E781F53AF1D0092B48E /* Info.plist */,
				CC498E671F53AF1D0092B48E /* Supporting Files */,
			);
			path = HiSDK;
			sourceTree = "<group>";
		};
		CC498E671F53AF1D0092B48E /* Supporting Files */ = {
			isa = PBXGroup;
			children = (
				CC498E681F53AF1D0092B48E /* main.m */,
			);
			name = "Supporting Files";
			sourceTree = "<group>";
		};
		CC498EA61F53B1860092B48E /* Font */ = {
			isa = PBXGroup;
			children = (
				CC498EA71F53B1910092B48E /* FAKFontAwesome.h */,
				CC498EA81F53B1910092B48E /* FAKFontAwesome.m */,
				CC498EA91F53B1910092B48E /* FAKIcon.h */,
				CC498EAA1F53B1910092B48E /* FAKIcon.m */,
				CC498EAB1F53B1910092B48E /* FontAwesome.otf */,
			);
			name = Font;
			sourceTree = "<group>";
		};
		CC498EAF1F53B1950092B48E /* KLCPopup */ = {
			isa = PBXGroup;
			children = (
				CC498EB01F53B1B80092B48E /* KLCPopup.h */,
				CC498EB11F53B1B80092B48E /* KLCPopup.m */,
			);
			name = KLCPopup;
			sourceTree = "<group>";
		};
		CC498EB31F53B2230092B48E /* KRLLayout */ = {
			isa = PBXGroup;
			children = (
				CC498EB41F53B2320092B48E /* KRLCollectionViewGridLayout.h */,
				CC498EB51F53B2320092B48E /* KRLCollectionViewGridLayout.m */,
			);
			name = KRLLayout;
			sourceTree = "<group>";
		};
		CCC560CF1F56B80200EB9DA6 /* Models */ = {
			isa = PBXGroup;
			children = (
				CC498EBE1F53B4570092B48E /* MenuItem.h */,
				CC498EBF1F53B4570092B48E /* MenuItem.m */,
			);
			name = Models;
			sourceTree = "<group>";
		};
		CCC560D11F56B82000EB9DA6 /* Cells */ = {
			isa = PBXGroup;
			children = (
				CC498E7E1F53AFD40092B48E /* MenuCell.h */,
				CC498E7F1F53AFD40092B48E /* MenuCell.m */,
				CC498E801F53AFD40092B48E /* MenuCell.xib */,
			);
			name = Cells;
			sourceTree = "<group>";
		};
		CCC560D21F56B82900EB9DA6 /* Views */ = {
			isa = PBXGroup;
			children = (
				CC498EB71F53B2770092B48E /* OptionView.h */,
				CC498EB81F53B2770092B48E /* OptionView.m */,
				CC498EBC1F53B2950092B48E /* OptionView.xib */,
			);
			name = Views;
			sourceTree = "<group>";
		};
		CCC560D31F56B83600EB9DA6 /* Resources */ = {
			isa = PBXGroup;
			children = (
				CC498EC91F53D82E0092B48E /* beer.png */,
				CC498EC71F53D2FE0092B48E /* share.png */,
				CC498EC31F53BDFD0092B48E /* icon.png */,
				CC498EC51F53C78B0092B48E /* photo.png */,
			);
			name = Resources;
			sourceTree = "<group>";
		};
/* End PBXGroup section */

/* Begin PBXNativeTarget section */
		CC498E631F53AF1D0092B48E /* HiSDK */ = {
			isa = PBXNativeTarget;
			buildConfigurationList = CC498E7B1F53AF1D0092B48E /* Build configuration list for PBXNativeTarget "HiSDK" */;
			buildPhases = (
				CC498E601F53AF1D0092B48E /* Sources */,
				CC498E611F53AF1D0092B48E /* Frameworks */,
				CC498E621F53AF1D0092B48E /* Resources */,
			);
			buildRules = (
			);
			dependencies = (
			);
			name = HiSDK;
			productName = HiSDK;
			productReference = CC498E641F53AF1D0092B48E /* HiSDK.app */;
			productType = "com.apple.product-type.application";
		};
/* End PBXNativeTarget section */

/* Begin PBXProject section */
		CC498E5C1F53AF1D0092B48E /* Project object */ = {
			isa = PBXProject;
			attributes = {
				LastUpgradeCheck = 0830;
				ORGANIZATIONNAME = TuanAnh;
				TargetAttributes = {
					CC498E631F53AF1D0092B48E = {
						CreatedOnToolsVersion = 8.3.3;
						DevelopmentTeam = XY29E79Z8X;
						ProvisioningStyle = Automatic;
					};
				};
			};
			buildConfigurationList = CC498E5F1F53AF1D0092B48E /* Build configuration list for PBXProject "HiSDK" */;
			compatibilityVersion = "Xcode 3.2";
			developmentRegion = English;
			hasScannedForEncodings = 0;
			knownRegions = (
				en,
				Base,
			);
			mainGroup = CC498E5B1F53AF1D0092B48E;
			productRefGroup = CC498E651F53AF1D0092B48E /* Products */;
			projectDirPath = "";
			projectRoot = "";
			targets = (
				CC498E631F53AF1D0092B48E /* HiSDK */,
			);
		};
/* End PBXProject section */

/* Begin PBXResourcesBuildPhase section */
		CC498E621F53AF1D0092B48E /* Resources */ = {
			isa = PBXResourcesBuildPhase;
			buildActionMask = 2147483647;
			files = (
				CC498E771F53AF1D0092B48E /* LaunchScreen.storyboard in Resources */,
				CC498ECA1F53D82F0092B48E /* beer.png in Resources */,
				CC498EC81F53D2FE0092B48E /* share.png in Resources */,
				CC498EC41F53BDFD0092B48E /* icon.png in Resources */,
				CC498EAE1F53B1910092B48E /* FontAwesome.otf in Resources */,
				CC498E741F53AF1D0092B48E /* Assets.xcassets in Resources */,
				CC498EBD1F53B2950092B48E /* OptionView.xib in Resources */,
				CC498E821F53AFD40092B48E /* MenuCell.xib in Resources */,
				CC498EC61F53C78B0092B48E /* photo.png in Resources */,
				CC498E721F53AF1D0092B48E /* Main.storyboard in Resources */,
			);
			runOnlyForDeploymentPostprocessing = 0;
		};
/* End PBXResourcesBuildPhase section */

/* Begin PBXSourcesBuildPhase section */
		CC498E601F53AF1D0092B48E /* Sources */ = {
			isa = PBXSourcesBuildPhase;
			buildActionMask = 2147483647;
			files = (
				CC498E6F1F53AF1D0092B48E /* ViewController.m in Sources */,
				CC498E6C1F53AF1D0092B48E /* AppDelegate.m in Sources */,
				CC498E811F53AFD40092B48E /* MenuCell.m in Sources */,
				CC498EAC1F53B1910092B48E /* FAKFontAwesome.m in Sources */,
				CC498EB61F53B2320092B48E /* KRLCollectionViewGridLayout.m in Sources */,
				CC498E691F53AF1D0092B48E /* main.m in Sources */,
				CC498EB21F53B1B80092B48E /* KLCPopup.m in Sources */,
				CC498EB91F53B2770092B48E /* OptionView.m in Sources */,
				CC498EAD1F53B1910092B48E /* FAKIcon.m in Sources */,
				CC498EC01F53B4570092B48E /* MenuItem.m in Sources */,
			);
			runOnlyForDeploymentPostprocessing = 0;
		};
/* End PBXSourcesBuildPhase section */

/* Begin PBXVariantGroup section */
		CC498E701F53AF1D0092B48E /* Main.storyboard */ = {
			isa = PBXVariantGroup;
			children = (
				CC498E711F53AF1D0092B48E /* Base */,
			);
			name = Main.storyboard;
			sourceTree = "<group>";
		};
		CC498E751F53AF1D0092B48E /* LaunchScreen.storyboard */ = {
			isa = PBXVariantGroup;
			children = (
				CC498E761F53AF1D0092B48E /* Base */,
			);
			name = LaunchScreen.storyboard;
			sourceTree = "<group>";
		};
/* End PBXVariantGroup section */

/* Begin XCBuildConfiguration section */
		CC498E791F53AF1D0092B48E /* Debug */ = {
			isa = XCBuildConfiguration;
			buildSettings = {
				ALWAYS_SEARCH_USER_PATHS = NO;
				CLANG_ANALYZER_NONNULL = YES;
				CLANG_ANALYZER_NUMBER_OBJECT_CONVERSION = YES_AGGRESSIVE;
				CLANG_CXX_LANGUAGE_STANDARD = "gnu++0x";
				CLANG_CXX_LIBRARY = "libc++";
				CLANG_ENABLE_MODULES = YES;
				CLANG_ENABLE_OBJC_ARC = YES;
				CLANG_WARN_BOOL_CONVERSION = YES;
				CLANG_WARN_CONSTANT_CONVERSION = YES;
				CLANG_WARN_DIRECT_OBJC_ISA_USAGE = YES_ERROR;
				CLANG_WARN_DOCUMENTATION_COMMENTS = YES;
				CLANG_WARN_EMPTY_BODY = YES;
				CLANG_WARN_ENUM_CONVERSION = YES;
				CLANG_WARN_INFINITE_RECURSION = YES;
				CLANG_WARN_INT_CONVERSION = YES;
				CLANG_WARN_OBJC_ROOT_CLASS = YES_ERROR;
				CLANG_WARN_SUSPICIOUS_MOVE = YES;
				CLANG_WARN_UNREACHABLE_CODE = YES;
				CLANG_WARN__DUPLICATE_METHOD_MATCH = YES;
				"CODE_SIGN_IDENTITY[sdk=iphoneos*]" = "iPhone Developer";
				COPY_PHASE_STRIP = NO;
				DEBUG_INFORMATION_FORMAT = dwarf;
				ENABLE_STRICT_OBJC_MSGSEND = YES;
				ENABLE_TESTABILITY = YES;
				GCC_C_LANGUAGE_STANDARD = gnu99;
				GCC_DYNAMIC_NO_PIC = NO;
				GCC_NO_COMMON_BLOCKS = YES;
				GCC_OPTIMIZATION_LEVEL = 0;
				GCC_PREPROCESSOR_DEFINITIONS = (
					"DEBUG=1",
					"$(inherited)",
				);
				GCC_WARN_64_TO_32_BIT_CONVERSION = YES;
				GCC_WARN_ABOUT_RETURN_TYPE = YES_ERROR;
				GCC_WARN_UNDECLARED_SELECTOR = YES;
				GCC_WARN_UNINITIALIZED_AUTOS = YES_AGGRESSIVE;
				GCC_WARN_UNUSED_FUNCTION = YES;
				GCC_WARN_UNUSED_VARIABLE = YES;
				IPHONEOS_DEPLOYMENT_TARGET = 10.3;
				MTL_ENABLE_DEBUG_INFO = YES;
				ONLY_ACTIVE_ARCH = YES;
				SDKROOT = iphoneos;
				TARGETED_DEVICE_FAMILY = "1,2";
			};
			name = Debug;
		};
		CC498E7A1F53AF1D0092B48E /* Release */ = {
			isa = XCBuildConfiguration;
			buildSettings = {
				ALWAYS_SEARCH_USER_PATHS = NO;
				CLANG_ANALYZER_NONNULL = YES;
				CLANG_ANALYZER_NUMBER_OBJECT_CONVERSION = YES_AGGRESSIVE;
				CLANG_CXX_LANGUAGE_STANDARD = "gnu++0x";
				CLANG_CXX_LIBRARY = "libc++";
				CLANG_ENABLE_MODULES = YES;
				CLANG_ENABLE_OBJC_ARC = YES;
				CLANG_WARN_BOOL_CONVERSION = YES;
				CLANG_WARN_CONSTANT_CONVERSION = YES;
				CLANG_WARN_DIRECT_OBJC_ISA_USAGE = YES_ERROR;
				CLANG_WARN_DOCUMENTATION_COMMENTS = YES;
				CLANG_WARN_EMPTY_BODY = YES;
				CLANG_WARN_ENUM_CONVERSION = YES;
				CLANG_WARN_INFINITE_RECURSION = YES;
				CLANG_WARN_INT_CONVERSION = YES;
				CLANG_WARN_OBJC_ROOT_CLASS = YES_ERROR;
				CLANG_WARN_SUSPICIOUS_MOVE = YES;
				CLANG_WARN_UNREACHABLE_CODE = YES;
				CLANG_WARN__DUPLICATE_METHOD_MATCH = YES;
				"CODE_SIGN_IDENTITY[sdk=iphoneos*]" = "iPhone Developer";
				COPY_PHASE_STRIP = NO;
				DEBUG_INFORMATION_FORMAT = "dwarf-with-dsym";
				ENABLE_NS_ASSERTIONS = NO;
				ENABLE_STRICT_OBJC_MSGSEND = YES;
				GCC_C_LANGUAGE_STANDARD = gnu99;
				GCC_NO_COMMON_BLOCKS = YES;
				GCC_WARN_64_TO_32_BIT_CONVERSION = YES;
				GCC_WARN_ABOUT_RETURN_TYPE = YES_ERROR;
				GCC_WARN_UNDECLARED_SELECTOR = YES;
				GCC_WARN_UNINITIALIZED_AUTOS = YES_AGGRESSIVE;
				GCC_WARN_UNUSED_FUNCTION = YES;
				GCC_WARN_UNUSED_VARIABLE = YES;
				IPHONEOS_DEPLOYMENT_TARGET = 10.3;
				MTL_ENABLE_DEBUG_INFO = NO;
				SDKROOT = iphoneos;
				TARGETED_DEVICE_FAMILY = "1,2";
				VALIDATE_PRODUCT = YES;
			};
			name = Release;
		};
		CC498E7C1F53AF1D0092B48E /* Debug */ = {
			isa = XCBuildConfiguration;
			buildSettings = {
				ASSETCATALOG_COMPILER_APPICON_NAME = AppIcon;
				DEVELOPMENT_TEAM = XY29E79Z8X;
				INFOPLIST_FILE = HiSDK/Info.plist;
				LD_RUNPATH_SEARCH_PATHS = "$(inherited) @executable_path/Frameworks";
				PRODUCT_BUNDLE_IDENTIFIER = net.sinhviendev.HiSDK;
				PRODUCT_NAME = "$(TARGET_NAME)";
			};
			name = Debug;
		};
		CC498E7D1F53AF1D0092B48E /* Release */ = {
			isa = XCBuildConfiguration;
			buildSettings = {
				ASSETCATALOG_COMPILER_APPICON_NAME = AppIcon;
				DEVELOPMENT_TEAM = XY29E79Z8X;
				INFOPLIST_FILE = HiSDK/Info.plist;
				LD_RUNPATH_SEARCH_PATHS = "$(inherited) @executable_path/Frameworks";
				PRODUCT_BUNDLE_IDENTIFIER = net.sinhviendev.HiSDK;
				PRODUCT_NAME = "$(TARGET_NAME)";
			};
			name = Release;
		};
/* End XCBuildConfiguration section */

/* Begin XCConfigurationList section */
		CC498E5F1F53AF1D0092B48E /* Build configuration list for PBXProject "HiSDK" */ = {
			isa = XCConfigurationList;
			buildConfigurations = (
				CC498E791F53AF1D0092B48E /* Debug */,
				CC498E7A1F53AF1D0092B48E /* Release */,
			);
			defaultConfigurationIsVisible = 0;
			defaultConfigurationName = Release;
		};
		CC498E7B1F53AF1D0092B48E /* Build configuration list for PBXNativeTarget "HiSDK" */ = {
			isa = XCConfigurationList;
			buildConfigurations = (
				CC498E7C1F53AF1D0092B48E /* Debug */,
				CC498E7D1F53AF1D0092B48E /* Release */,
			);
			defaultConfigurationIsVisible = 0;
			defaultConfigurationName = Release;
		};
/* End XCConfigurationList section */
	};
	rootObject = CC498E5C1F53AF1D0092B48E /* Project object */;
}
